
Microsoft Visual Studio Solution File, Format Version 12.00
# Visual Studio Version 17
VisualStudioVersion = 17.10.34928.147
MinimumVisualStudioVersion = 10.0.40219.1
Project("{FAE04EC0-301F-11D3-BF4B-00C04F79EFBC}") = "HList", "HList\HList.csproj", "{F7609106-0D06-415D-9FD1-1FE334EBE3B3}"
EndProject
Project("{FAE04EC0-301F-11D3-BF4B-00C04F79EFBC}") = "HListTests", "HListTests\HListTests.csproj", "{0B7A6DA6-0A78-49E3-8E54-E38D740364C0}"
EndProject
Global
	GlobalSection(SolutionConfigurationPlatforms) = preSolution
		Debug|Any CPU = Debug|Any CPU
		Release|Any CPU = Release|Any CPU
	EndGlobalSection
	GlobalSection(ProjectConfigurationPlatforms) = postSolution
		{F7609106-0D06-415D-9FD1-1FE334EBE3B3}.Debug|Any CPU.ActiveCfg = Debug|Any CPU
		{F7609106-0D06-415D-9FD1-1FE334EBE3B3}.Debug|Any CPU.Build.0 = Debug|Any CPU
		{F7609106-0D06-415D-9FD1-1FE334EBE3B3}.Release|Any CPU.ActiveCfg = Release|Any CPU
		{F7609106-0D06-415D-9FD1-1FE334EBE3B3}.Release|Any CPU.Build.0 = Release|Any CPU
		{0B7A6DA6-0A78-49E3-8E54-E38D740364C0}.Debug|Any CPU.ActiveCfg = Debug|Any CPU
		{0B7A6DA6-0A78-49E3-8E54-E38D740364C0}.Debug|Any CPU.Build.0 = Debug|Any CPU
		{0B7A6DA6-0A78-49E3-8E54-E38D740364C0}.Release|Any CPU.ActiveCfg = Release|Any CPU
		{0B7A6DA6-0A78-49E3-8E54-E38D740364C0}.Release|Any CPU.Build.0 = Release|Any CPU
	EndGlobalSection
	GlobalSection(SolutionProperties) = preSolution
		HideSolutionNode = FALSE
	EndGlobalSection
	GlobalSection(ExtensibilityGlobals) = postSolution
		SolutionGuid = {F166C935-56B1-45E6-A8FE-915E8D983D02}
	EndGlobalSection
EndGlobal
